
Microsoft Visual Studio Solution File, Format Version 12.00
# Visual Studio 15
Project("{FAE04EC0-301F-11D3-BF4B-00C04F79EFBC}") = "Assembly-CSharp", "Assembly-CSharp.csproj", "{07FBA99F-32DE-1561-A6C4-E848DC6E4AF7}"
EndProject
Project("{FAE04EC0-301F-11D3-BF4B-00C04F79EFBC}") = "Assembly-CSharp-Editor", "Assembly-CSharp-Editor.csproj", "{4E030783-58E3-C28B-1A9D-FB492301C918}"
EndProject
Global
	GlobalSection(SolutionConfigurationPlatforms) = preSolution
		Debug|Any CPU = Debug|Any CPU
		Release|Any CPU = Release|Any CPU
	EndGlobalSection
	GlobalSection(ProjectConfigurationPlatforms) = postSolution
		{07FBA99F-32DE-1561-A6C4-E848DC6E4AF7}.Debug|Any CPU.ActiveCfg = Debug|Any CPU
		{07FBA99F-32DE-1561-A6C4-E848DC6E4AF7}.Debug|Any CPU.Build.0 = Debug|Any CPU
		{07FBA99F-32DE-1561-A6C4-E848DC6E4AF7}.Release|Any CPU.ActiveCfg = Release|Any CPU
		{07FBA99F-32DE-1561-A6C4-E848DC6E4AF7}.Release|Any CPU.Build.0 = Release|Any CPU
		{4E030783-58E3-C28B-1A9D-FB492301C918}.Debug|Any CPU.ActiveCfg = Debug|Any CPU
		{4E030783-58E3-C28B-1A9D-FB492301C918}.Debug|Any CPU.Build.0 = Debug|Any CPU
		{4E030783-58E3-C28B-1A9D-FB492301C918}.Release|Any CPU.ActiveCfg = Release|Any CPU
		{4E030783-58E3-C28B-1A9D-FB492301C918}.Release|Any CPU.Build.0 = Release|Any CPU
	EndGlobalSection
	GlobalSection(SolutionProperties) = preSolution
		HideSolutionNode = FALSE
	EndGlobalSection
EndGlobal
